{
  "nodes": {
    "nixpkgs": {
      "locked": {
        "lastModified": 1728831343,
        "narHash": "sha256-dmR6WbEnvMvxiDTw4ggyzWRyElPdCk4Czq+uZB2luYs=",
        "owner": "NixOS",
        "repo": "nixpkgs",
        "rev": "5c3f89dcd7c47ae9eb38889543478c188227f488",
        "type": "github"
      },
      "original": {
        "owner": "NixOS",
        "repo": "nixpkgs",
        "type": "github"
      }
    },
    "root": {
      "inputs": {
        "nixpkgs": "nixpkgs"
      }
    }
  },
  "root": "root",
  "version": 7
}
